
Microsoft Visual Studio Solution File, Format Version 12.00
# Visual Studio 15
VisualStudioVersion = 15.0.27130.0
MinimumVisualStudioVersion = 10.0.40219.1
Project("{FAE04EC0-301F-11D3-BF4B-00C04F79EFBC}") = "MergeSortTest", "MergeSortTest\MergeSortTest.csproj", "{572A4572-A24B-472B-A066-2B5C5A3F0D14}"
EndProject
Project("{FAE04EC0-301F-11D3-BF4B-00C04F79EFBC}") = "MergeSortIListExtension", "MergeSortListExtension\MergeSortIListExtension.csproj", "{52BB33EB-A277-4C78-8F98-04A78DD1D2BD}"
EndProject
Global
	GlobalSection(SolutionConfigurationPlatforms) = preSolution
		Debug|Any CPU = Debug|Any CPU
		Release|Any CPU = Release|Any CPU
	EndGlobalSection
	GlobalSection(ProjectConfigurationPlatforms) = postSolution
		{572A4572-A24B-472B-A066-2B5C5A3F0D14}.Debug|Any CPU.ActiveCfg = Debug|Any CPU
		{572A4572-A24B-472B-A066-2B5C5A3F0D14}.Debug|Any CPU.Build.0 = Debug|Any CPU
		{572A4572-A24B-472B-A066-2B5C5A3F0D14}.Release|Any CPU.ActiveCfg = Release|Any CPU
		{572A4572-A24B-472B-A066-2B5C5A3F0D14}.Release|Any CPU.Build.0 = Release|Any CPU
		{52BB33EB-A277-4C78-8F98-04A78DD1D2BD}.Debug|Any CPU.ActiveCfg = Debug|Any CPU
		{52BB33EB-A277-4C78-8F98-04A78DD1D2BD}.Debug|Any CPU.Build.0 = Debug|Any CPU
		{52BB33EB-A277-4C78-8F98-04A78DD1D2BD}.Release|Any CPU.ActiveCfg = Release|Any CPU
		{52BB33EB-A277-4C78-8F98-04A78DD1D2BD}.Release|Any CPU.Build.0 = Release|Any CPU
	EndGlobalSection
	GlobalSection(SolutionProperties) = preSolution
		HideSolutionNode = FALSE
	EndGlobalSection
	GlobalSection(ExtensibilityGlobals) = postSolution
		SolutionGuid = {5CE9CAC5-23C4-4B54-A006-5970A18EBBA3}
	EndGlobalSection
EndGlobal
