
Microsoft Visual Studio Solution File, Format Version 12.00
# Visual Studio 15
VisualStudioVersion = 15.0.27130.0
MinimumVisualStudioVersion = 10.0.40219.1
Project("{FAE04EC0-301F-11D3-BF4B-00C04F79EFBC}") = "Sorts.QuickSort", "Sorts.QuickSort\Sorts.QuickSort.csproj", "{5DF47DE3-E31C-468A-9FF9-6FAAE859F8C0}"
EndProject
Project("{FAE04EC0-301F-11D3-BF4B-00C04F79EFBC}") = "Sorts.QuickSort.Tests", "Sorts.QuickSort.Tests\Sorts.QuickSort.Tests.csproj", "{296F74FC-23FC-44DD-A51E-489014963749}"
EndProject
Project("{FAE04EC0-301F-11D3-BF4B-00C04F79EFBC}") = "Sorts.SortDataValidation", "Sorts.SortDataValidation\Sorts.SortDataValidation.csproj", "{D9BC3F88-89BE-4C9A-A8C4-95C5BC49A755}"
EndProject
Project("{FAE04EC0-301F-11D3-BF4B-00C04F79EFBC}") = "Sorts.MergeSort", "Sorts.MergeSort\Sorts.MergeSort.csproj", "{7D51BECD-8794-421E-81C4-A0F436AD0635}"
EndProject
Project("{FAE04EC0-301F-11D3-BF4B-00C04F79EFBC}") = "Sorts.MergeSort.Tests", "Sorts.MergeSort.Tests\Sorts.MergeSort.Tests.csproj", "{FC0E0A8E-14CB-4654-8834-AF909B798891}"
EndProject
Project("{FAE04EC0-301F-11D3-BF4B-00C04F79EFBC}") = "Sorts.SortDataValidation.Tests", "Sorts.SortDataValidation.Tests\Sorts.SortDataValidation.Tests.csproj", "{FD6093CC-EF76-4F35-97CD-452934B9D532}"
EndProject
Project("{FAE04EC0-301F-11D3-BF4B-00C04F79EFBC}") = "FilterDigit", "FilterDigit\FilterDigit.csproj", "{652C5CC3-0EBA-4E50-BFC7-D8963091EE7A}"
EndProject
Project("{FAE04EC0-301F-11D3-BF4B-00C04F79EFBC}") = "FilterDigit.NUnitTests", "FilterDigit.Tests\FilterDigit.NUnitTests.csproj", "{797D89AD-404D-4C09-8890-681970F3B0A3}"
EndProject
Project("{FAE04EC0-301F-11D3-BF4B-00C04F79EFBC}") = "FilterDigit.MSUnitDDTTests", "FilterDigit.MSUnitTests\FilterDigit.MSUnitDDTTests.csproj", "{9BCC5AAD-077D-4C9C-AC99-861CDD5F581F}"
EndProject
Global
	GlobalSection(SolutionConfigurationPlatforms) = preSolution
		Debug|Any CPU = Debug|Any CPU
		Release|Any CPU = Release|Any CPU
	EndGlobalSection
	GlobalSection(ProjectConfigurationPlatforms) = postSolution
		{5DF47DE3-E31C-468A-9FF9-6FAAE859F8C0}.Debug|Any CPU.ActiveCfg = Debug|Any CPU
		{5DF47DE3-E31C-468A-9FF9-6FAAE859F8C0}.Debug|Any CPU.Build.0 = Debug|Any CPU
		{5DF47DE3-E31C-468A-9FF9-6FAAE859F8C0}.Release|Any CPU.ActiveCfg = Release|Any CPU
		{5DF47DE3-E31C-468A-9FF9-6FAAE859F8C0}.Release|Any CPU.Build.0 = Release|Any CPU
		{296F74FC-23FC-44DD-A51E-489014963749}.Debug|Any CPU.ActiveCfg = Debug|Any CPU
		{296F74FC-23FC-44DD-A51E-489014963749}.Debug|Any CPU.Build.0 = Debug|Any CPU
		{296F74FC-23FC-44DD-A51E-489014963749}.Release|Any CPU.ActiveCfg = Release|Any CPU
		{296F74FC-23FC-44DD-A51E-489014963749}.Release|Any CPU.Build.0 = Release|Any CPU
		{D9BC3F88-89BE-4C9A-A8C4-95C5BC49A755}.Debug|Any CPU.ActiveCfg = Debug|Any CPU
		{D9BC3F88-89BE-4C9A-A8C4-95C5BC49A755}.Debug|Any CPU.Build.0 = Debug|Any CPU
		{D9BC3F88-89BE-4C9A-A8C4-95C5BC49A755}.Release|Any CPU.ActiveCfg = Release|Any CPU
		{D9BC3F88-89BE-4C9A-A8C4-95C5BC49A755}.Release|Any CPU.Build.0 = Release|Any CPU
		{7D51BECD-8794-421E-81C4-A0F436AD0635}.Debug|Any CPU.ActiveCfg = Debug|Any CPU
		{7D51BECD-8794-421E-81C4-A0F436AD0635}.Debug|Any CPU.Build.0 = Debug|Any CPU
		{7D51BECD-8794-421E-81C4-A0F436AD0635}.Release|Any CPU.ActiveCfg = Release|Any CPU
		{7D51BECD-8794-421E-81C4-A0F436AD0635}.Release|Any CPU.Build.0 = Release|Any CPU
		{FC0E0A8E-14CB-4654-8834-AF909B798891}.Debug|Any CPU.ActiveCfg = Debug|Any CPU
		{FC0E0A8E-14CB-4654-8834-AF909B798891}.Debug|Any CPU.Build.0 = Debug|Any CPU
		{FC0E0A8E-14CB-4654-8834-AF909B798891}.Release|Any CPU.ActiveCfg = Release|Any CPU
		{FC0E0A8E-14CB-4654-8834-AF909B798891}.Release|Any CPU.Build.0 = Release|Any CPU
		{FD6093CC-EF76-4F35-97CD-452934B9D532}.Debug|Any CPU.ActiveCfg = Debug|Any CPU
		{FD6093CC-EF76-4F35-97CD-452934B9D532}.Debug|Any CPU.Build.0 = Debug|Any CPU
		{FD6093CC-EF76-4F35-97CD-452934B9D532}.Release|Any CPU.ActiveCfg = Release|Any CPU
		{FD6093CC-EF76-4F35-97CD-452934B9D532}.Release|Any CPU.Build.0 = Release|Any CPU
		{652C5CC3-0EBA-4E50-BFC7-D8963091EE7A}.Debug|Any CPU.ActiveCfg = Debug|Any CPU
		{652C5CC3-0EBA-4E50-BFC7-D8963091EE7A}.Debug|Any CPU.Build.0 = Debug|Any CPU
		{652C5CC3-0EBA-4E50-BFC7-D8963091EE7A}.Release|Any CPU.ActiveCfg = Release|Any CPU
		{652C5CC3-0EBA-4E50-BFC7-D8963091EE7A}.Release|Any CPU.Build.0 = Release|Any CPU
		{797D89AD-404D-4C09-8890-681970F3B0A3}.Debug|Any CPU.ActiveCfg = Debug|Any CPU
		{797D89AD-404D-4C09-8890-681970F3B0A3}.Debug|Any CPU.Build.0 = Debug|Any CPU
		{797D89AD-404D-4C09-8890-681970F3B0A3}.Release|Any CPU.ActiveCfg = Release|Any CPU
		{797D89AD-404D-4C09-8890-681970F3B0A3}.Release|Any CPU.Build.0 = Release|Any CPU
		{9BCC5AAD-077D-4C9C-AC99-861CDD5F581F}.Debug|Any CPU.ActiveCfg = Debug|Any CPU
		{9BCC5AAD-077D-4C9C-AC99-861CDD5F581F}.Debug|Any CPU.Build.0 = Debug|Any CPU
		{9BCC5AAD-077D-4C9C-AC99-861CDD5F581F}.Release|Any CPU.ActiveCfg = Release|Any CPU
		{9BCC5AAD-077D-4C9C-AC99-861CDD5F581F}.Release|Any CPU.Build.0 = Release|Any CPU
	EndGlobalSection
	GlobalSection(SolutionProperties) = preSolution
		HideSolutionNode = FALSE
	EndGlobalSection
	GlobalSection(ExtensibilityGlobals) = postSolution
		SolutionGuid = {1C20D31D-5439-4C59-9F66-A1E65C603146}
	EndGlobalSection
EndGlobal
