
Microsoft Visual Studio Solution File, Format Version 12.00
# Visual Studio 15
VisualStudioVersion = 15.0.27130.0
MinimumVisualStudioVersion = 10.0.40219.1
Project("{FAE04EC0-301F-11D3-BF4B-00C04F79EFBC}") = "PathIteratorLogic", "PathIteratorLogic\PathIteratorLogic.csproj", "{11362AE2-1928-45D8-B7B6-1C4040E5F4A3}"
EndProject
Project("{FAE04EC0-301F-11D3-BF4B-00C04F79EFBC}") = "PathIteratorTest", "PathIteratorTest\PathIteratorTest.csproj", "{B1BC0153-0694-4C70-BA95-B83EA39F5C90}"
EndProject
Global
	GlobalSection(SolutionConfigurationPlatforms) = preSolution
		Debug|Any CPU = Debug|Any CPU
		Release|Any CPU = Release|Any CPU
	EndGlobalSection
	GlobalSection(ProjectConfigurationPlatforms) = postSolution
		{11362AE2-1928-45D8-B7B6-1C4040E5F4A3}.Debug|Any CPU.ActiveCfg = Debug|Any CPU
		{11362AE2-1928-45D8-B7B6-1C4040E5F4A3}.Debug|Any CPU.Build.0 = Debug|Any CPU
		{11362AE2-1928-45D8-B7B6-1C4040E5F4A3}.Release|Any CPU.ActiveCfg = Release|Any CPU
		{11362AE2-1928-45D8-B7B6-1C4040E5F4A3}.Release|Any CPU.Build.0 = Release|Any CPU
		{B1BC0153-0694-4C70-BA95-B83EA39F5C90}.Debug|Any CPU.ActiveCfg = Debug|Any CPU
		{B1BC0153-0694-4C70-BA95-B83EA39F5C90}.Debug|Any CPU.Build.0 = Debug|Any CPU
		{B1BC0153-0694-4C70-BA95-B83EA39F5C90}.Release|Any CPU.ActiveCfg = Release|Any CPU
		{B1BC0153-0694-4C70-BA95-B83EA39F5C90}.Release|Any CPU.Build.0 = Release|Any CPU
	EndGlobalSection
	GlobalSection(SolutionProperties) = preSolution
		HideSolutionNode = FALSE
	EndGlobalSection
	GlobalSection(ExtensibilityGlobals) = postSolution
		SolutionGuid = {1A2A809B-8DB0-46B9-97EA-6C9901D9901A}
	EndGlobalSection
EndGlobal
